
Microsoft Visual Studio Solution File, Format Version 12.00
# Visual Studio Version 17
VisualStudioVersion = 17.3.32819.101
MinimumVisualStudioVersion = 10.0.40219.1
Project("{9A19103F-16F7-4668-BE54-9A1E7A4F7556}") = "Dominion.Core", "src\Dominion.Core\Dominion.Core.csproj", "{F6204596-E6DE-4B71-A110-B0AC2BC603A0}"
EndProject
Project("{2150E333-8FDC-42A3-9474-1A3956D46DE8}") = "SolutionItems", "SolutionItems", "{A50AD2E7-1615-4376-9E3F-4ADCEB7D5C1E}"
	ProjectSection(SolutionItems) = preProject
		Directory.Packages.props = Directory.Packages.props
		nuget.config = nuget.config
	EndProjectSection
EndProject
Project("{FAE04EC0-301F-11D3-BF4B-00C04F79EFBC}") = "Dominion.Grasshopper", "src\Dominion.Grasshopper\Dominion.Grasshopper.csproj", "{7CB33415-BDE3-4035-A254-354E3158E369}"
EndProject
Project("{FAE04EC0-301F-11D3-BF4B-00C04F79EFBC}") = "Dominion.Rhino", "src\Dominion.Rhino\Dominion.Rhino.csproj", "{B0A328C5-9923-4361-B6D7-5506756BCCE9}"
EndProject
Global
	GlobalSection(SolutionConfigurationPlatforms) = preSolution
		Debug|Any CPU = Debug|Any CPU
		Release|Any CPU = Release|Any CPU
	EndGlobalSection
	GlobalSection(ProjectConfigurationPlatforms) = postSolution
		{F6204596-E6DE-4B71-A110-B0AC2BC603A0}.Debug|Any CPU.ActiveCfg = Debug|Any CPU
		{F6204596-E6DE-4B71-A110-B0AC2BC603A0}.Debug|Any CPU.Build.0 = Debug|Any CPU
		{F6204596-E6DE-4B71-A110-B0AC2BC603A0}.Release|Any CPU.ActiveCfg = Release|Any CPU
		{F6204596-E6DE-4B71-A110-B0AC2BC603A0}.Release|Any CPU.Build.0 = Release|Any CPU
		{7CB33415-BDE3-4035-A254-354E3158E369}.Debug|Any CPU.ActiveCfg = Debug|Any CPU
		{7CB33415-BDE3-4035-A254-354E3158E369}.Debug|Any CPU.Build.0 = Debug|Any CPU
		{7CB33415-BDE3-4035-A254-354E3158E369}.Release|Any CPU.ActiveCfg = Release|Any CPU
		{7CB33415-BDE3-4035-A254-354E3158E369}.Release|Any CPU.Build.0 = Release|Any CPU
		{B0A328C5-9923-4361-B6D7-5506756BCCE9}.Debug|Any CPU.ActiveCfg = Debug|Any CPU
		{B0A328C5-9923-4361-B6D7-5506756BCCE9}.Debug|Any CPU.Build.0 = Debug|Any CPU
		{B0A328C5-9923-4361-B6D7-5506756BCCE9}.Release|Any CPU.ActiveCfg = Release|Any CPU
		{B0A328C5-9923-4361-B6D7-5506756BCCE9}.Release|Any CPU.Build.0 = Release|Any CPU
	EndGlobalSection
	GlobalSection(SolutionProperties) = preSolution
		HideSolutionNode = FALSE
	EndGlobalSection
	GlobalSection(ExtensibilityGlobals) = postSolution
		SolutionGuid = {1858F85A-330F-41E9-A8A9-E3509F46FD13}
	EndGlobalSection
EndGlobal
